
Microsoft Visual Studio Solution File, Format Version 12.00
# Visual Studio Version 17
VisualStudioVersion = 17.7.34018.315
MinimumVisualStudioVersion = 10.0.40219.1
Project("{FAE04EC0-301F-11D3-BF4B-00C04F79EFBC}") = "ConsoleApp1", "ConsoleApp1\ConsoleApp1.csproj", "{8B5953A6-E773-43C4-AABA-B1856660F5AE}"
EndProject
Global
	GlobalSection(SolutionConfigurationPlatforms) = preSolution
		Debug|Any CPU = Debug|Any CPU
		Release|Any CPU = Release|Any CPU
	EndGlobalSection
	GlobalSection(ProjectConfigurationPlatforms) = postSolution
		{8B5953A6-E773-43C4-AABA-B1856660F5AE}.Debug|Any CPU.ActiveCfg = Debug|Any CPU
		{8B5953A6-E773-43C4-AABA-B1856660F5AE}.Debug|Any CPU.Build.0 = Debug|Any CPU
		{8B5953A6-E773-43C4-AABA-B1856660F5AE}.Release|Any CPU.ActiveCfg = Release|Any CPU
		{8B5953A6-E773-43C4-AABA-B1856660F5AE}.Release|Any CPU.Build.0 = Release|Any CPU
	EndGlobalSection
	GlobalSection(SolutionProperties) = preSolution
		HideSolutionNode = FALSE
	EndGlobalSection
	GlobalSection(ExtensibilityGlobals) = postSolution
		SolutionGuid = {1AABB551-ABA9-4C72-AF9F-52879273FED1}
	EndGlobalSection
EndGlobal
